
Microsoft Visual Studio Solution File, Format Version 12.00
# Visual Studio Version 17
VisualStudioVersion = 17.11.35312.102
MinimumVisualStudioVersion = 10.0.40219.1
Project("{8BC9CEB8-8B4A-11D0-8D11-00A0C91BC942}") = "generowanieznakowutf16", "generowanieznakowutf16\generowanieznakowutf16.vcxproj", "{BC0949A0-5259-42A9-A96C-D589F35C26EE}"
EndProject
Global
	GlobalSection(SolutionConfigurationPlatforms) = preSolution
		Debug|x64 = Debug|x64
		Debug|x86 = Debug|x86
		Release|x64 = Release|x64
		Release|x86 = Release|x86
	EndGlobalSection
	GlobalSection(ProjectConfigurationPlatforms) = postSolution
		{BC0949A0-5259-42A9-A96C-D589F35C26EE}.Debug|x64.ActiveCfg = Debug|x64
		{BC0949A0-5259-42A9-A96C-D589F35C26EE}.Debug|x64.Build.0 = Debug|x64
		{BC0949A0-5259-42A9-A96C-D589F35C26EE}.Debug|x86.ActiveCfg = Debug|Win32
		{BC0949A0-5259-42A9-A96C-D589F35C26EE}.Debug|x86.Build.0 = Debug|Win32
		{BC0949A0-5259-42A9-A96C-D589F35C26EE}.Release|x64.ActiveCfg = Release|x64
		{BC0949A0-5259-42A9-A96C-D589F35C26EE}.Release|x64.Build.0 = Release|x64
		{BC0949A0-5259-42A9-A96C-D589F35C26EE}.Release|x86.ActiveCfg = Release|Win32
		{BC0949A0-5259-42A9-A96C-D589F35C26EE}.Release|x86.Build.0 = Release|Win32
	EndGlobalSection
	GlobalSection(SolutionProperties) = preSolution
		HideSolutionNode = FALSE
	EndGlobalSection
	GlobalSection(ExtensibilityGlobals) = postSolution
		SolutionGuid = {B008E8FC-5C42-4D64-9FAA-3665DD754FF3}
	EndGlobalSection
EndGlobal
